
Microsoft Visual Studio Solution File, Format Version 12.00
# Visual Studio 2013
VisualStudioVersion = 12.0.21005.1
MinimumVisualStudioVersion = 10.0.40219.1
Project("{8BC9CEB8-8B4A-11D0-8D11-00A0C91BC942}") = "Bar Code", "Bar Code\Bar Code.vcxproj", "{2FE55AC0-E9C0-45DB-871D-8839BCE8803B}"
EndProject
Project("{8BC9CEB8-8B4A-11D0-8D11-00A0C91BC942}") = "Rational Numbers", "Rational Numbers\Rational Numbers.vcxproj", "{1AE66E6C-D066-43D7-9FAC-AE2F7718A3E4}"
EndProject
Global
	GlobalSection(SolutionConfigurationPlatforms) = preSolution
		Debug|Win32 = Debug|Win32
		Release|Win32 = Release|Win32
	EndGlobalSection
	GlobalSection(ProjectConfigurationPlatforms) = postSolution
		{2FE55AC0-E9C0-45DB-871D-8839BCE8803B}.Debug|Win32.ActiveCfg = Debug|Win32
		{2FE55AC0-E9C0-45DB-871D-8839BCE8803B}.Debug|Win32.Build.0 = Debug|Win32
		{2FE55AC0-E9C0-45DB-871D-8839BCE8803B}.Release|Win32.ActiveCfg = Release|Win32
		{2FE55AC0-E9C0-45DB-871D-8839BCE8803B}.Release|Win32.Build.0 = Release|Win32
		{1AE66E6C-D066-43D7-9FAC-AE2F7718A3E4}.Debug|Win32.ActiveCfg = Debug|Win32
		{1AE66E6C-D066-43D7-9FAC-AE2F7718A3E4}.Debug|Win32.Build.0 = Debug|Win32
		{1AE66E6C-D066-43D7-9FAC-AE2F7718A3E4}.Release|Win32.ActiveCfg = Release|Win32
		{1AE66E6C-D066-43D7-9FAC-AE2F7718A3E4}.Release|Win32.Build.0 = Release|Win32
	EndGlobalSection
	GlobalSection(SolutionProperties) = preSolution
		HideSolutionNode = FALSE
	EndGlobalSection
EndGlobal
